<?xml version="1.0" encoding="utf-8"?>
<Project ToolsVersion="4.0" xmlns="http://schemas.microsoft.com/developer/msbuild/2003">
  <ItemGroup>
    <Filter Include="Source Files">
      <UniqueIdentifier>{4FC737F1-C7A5-4376-A066-2A32D752A2FF}</UniqueIdentifier>
      <Extensions>cpp;c;cc;cxx;def;odl;idl;hpj;bat;asm;asmx</Extensions>
    </Filter>
    <Filter Include="Header Files">
      <UniqueIdentifier>{93995380-89BD-4b04-88EB-625FBE52EBFB}</UniqueIdentifier>
      <Extensions>h;hh;hpp;hxx;hm;inl;inc;xsd</Extensions>
    </Filter>
    <Filter Include="Resource Files">
      <UniqueIdentifier>{67DA6AB6-F800-4c08-8B7A-83BB121AAD01}</UniqueIdentifier>
      <Extensions>rc;ico;cur;bmp;dlg;rc2;rct;bin;rgs;gif;jpg;jpeg;jpe;resx;tiff;tif;png;wav;mfcribbon-ms</Extensions>
    </Filter>
    <Filter Include="Header Files\Main">
      <UniqueIdentifier>{a3ffdefa-58c2-43b7-b31b-a8176f5f1adf}</UniqueIdentifier>
    </Filter>
    <Filter Include="Source Files\Main">
      <UniqueIdentifier>{775925fc-be21-4003-bd0b-14797bd7e7dc}</UniqueIdentifier>
    </Filter>
    <Filter Include="Source Files\Input">
      <UniqueIdentifier>{608c2961-8308-4cd9-92e5-bec3ebef13e6}</UniqueIdentifier>
    </Filter>
    <Filter Include="Header Files\Input">
      <UniqueIdentifier>{09038399-9064-4352-88b8-cbabcaef4b49}</UniqueIdentifier>
    </Filter>
    <Filter Include="Header Files\Utilities">
      <UniqueIdentifier>{021da185-a63f-44ca-9c81-cd96c7cc8f9b}</UniqueIdentifier>
    </Filter>
    <Filter Include="Source Files\Utilities">
      <UniqueIdentifier>{aba4f3a3-5d65-4ab4-87fa-36d67f52db00}</UniqueIdentifier>
    </Filter>
    <Filter Include="Header Files\Files">
      <UniqueIdentifier>{827389da-25f2-4039-b59d-6d3e44cf829b}</UniqueIdentifier>
    </Filter>
    <Filter Include="Source Files\Files">
      <UniqueIdentifier>{1f5dab83-915d-4e59-b20c-63570445d50c}</UniqueIdentifier>
    </Filter>
  </ItemGroup>
  <ItemGroup>
    <Text Include="ReadMe.txt" />
  </ItemGroup>
  <ItemGroup>
    <ClInclude Include="stdafx.h">
      <Filter>Header Files</Filter>
    </ClInclude>
    <ClInclude Include="MGLWindow.h">
      <Filter>Header Files\Main</Filter>
    </ClInclude>
    <ClInclude Include="MGLKeyboard.h">
      <Filter>Header Files\Input</Filter>
    </ClInclude>
    <ClInclude Include="MGLMouse.h">
      <Filter>Header Files\Input</Filter>
    </ClInclude>
    <ClInclude Include="MGLInputType.h">
      <Filter>Header Files\Input</Filter>
    </ClInclude>
    <ClInclude Include="MGLInputItem.h">
      <Filter>Header Files\Input</Filter>
    </ClInclude>
    <ClInclude Include="MGLTexture.h">
      <Filter>Header Files\Main</Filter>
    </ClInclude>
    <ClInclude Include="MGLShader.h">
      <Filter>Header Files\Main</Filter>
    </ClInclude>
    <ClInclude Include="MGLMesh.h">
      <Filter>Header Files\Main</Filter>
    </ClInclude>
    <ClInclude Include="MGLCamera.h">
      <Filter>Header Files\Main</Filter>
    </ClInclude>
    <ClInclude Include="MGLInput.h">
      <Filter>Header Files\Input</Filter>
    </ClInclude>
    <ClInclude Include="MGLRenderer.h">
      <Filter>Header Files\Main</Filter>
    </ClInclude>
    <ClInclude Include="MGLContext.h">
      <Filter>Header Files\Main</Filter>
    </ClInclude>
    <ClInclude Include="MGLExceptions.h">
      <Filter>Header Files\Utilities</Filter>
    </ClInclude>
    <ClInclude Include="MGLUtil.h">
      <Filter>Header Files\Utilities</Filter>
    </ClInclude>
    <ClInclude Include="MGLTimer.h">
      <Filter>Header Files\Utilities</Filter>
    </ClInclude>
    <ClInclude Include="MGLLog.h">
      <Filter>Header Files\Utilities</Filter>
    </ClInclude>
    <ClInclude Include="MGLFile.h">
      <Filter>Header Files\Files</Filter>
    </ClInclude>
    <ClInclude Include="MGLFileLoader.h">
      <Filter>Header Files\Files</Filter>
    </ClInclude>
    <ClInclude Include="MGLDataMap.h">
      <Filter>Header Files\Utilities</Filter>
    </ClInclude>
    <ClInclude Include="MGLMeshGenerator.h">
      <Filter>Header Files\Main</Filter>
    </ClInclude>
    <ClInclude Include="MGLFileLoaderMGL.h">
      <Filter>Header Files\Files</Filter>
    </ClInclude>
    <ClInclude Include="MGLFileLoaderString.h">
      <Filter>Header Files\Files</Filter>
    </ClInclude>
    <ClInclude Include="MGLMaterial.h">
      <Filter>Header Files\Main</Filter>
    </ClInclude>
  </ItemGroup>
  <ItemGroup>
    <ClCompile Include="stdafx.cpp">
      <Filter>Source Files</Filter>
    </ClCompile>
    <ClCompile Include="Tests.cpp">
      <Filter>Source Files</Filter>
    </ClCompile>
    <ClCompile Include="MGLWindow.cpp">
      <Filter>Source Files\Main</Filter>
    </ClCompile>
    <ClCompile Include="MGLMouse.cpp">
      <Filter>Source Files\Input</Filter>
    </ClCompile>
    <ClCompile Include="MGLInputType.cpp">
      <Filter>Source Files\Input</Filter>
    </ClCompile>
    <ClCompile Include="MGLInputItem.cpp">
      <Filter>Source Files\Input</Filter>
    </ClCompile>
    <ClCompile Include="MGLCamera.cpp">
      <Filter>Source Files\Main</Filter>
    </ClCompile>
    <ClCompile Include="MGLMesh.cpp">
      <Filter>Source Files\Main</Filter>
    </ClCompile>
    <ClCompile Include="MGLShader.cpp">
      <Filter>Source Files\Main</Filter>
    </ClCompile>
    <ClCompile Include="MGLTexture.cpp">
      <Filter>Source Files\Main</Filter>
    </ClCompile>
    <ClCompile Include="MGLInput.cpp">
      <Filter>Source Files\Input</Filter>
    </ClCompile>
    <ClCompile Include="MGLRenderer.cpp">
      <Filter>Source Files\Main</Filter>
    </ClCompile>
    <ClCompile Include="MGLContext.cpp">
      <Filter>Source Files\Main</Filter>
    </ClCompile>
    <ClCompile Include="MGLUtil.cpp">
      <Filter>Source Files\Utilities</Filter>
    </ClCompile>
    <ClCompile Include="MGLTimer.cpp">
      <Filter>Source Files\Utilities</Filter>
    </ClCompile>
    <ClCompile Include="MGLLog.cpp">
      <Filter>Source Files\Utilities</Filter>
    </ClCompile>
    <ClCompile Include="MGLFile.cpp">
      <Filter>Source Files\Files</Filter>
    </ClCompile>
    <ClCompile Include="MGLFileLoader.cpp">
      <Filter>Source Files\Files</Filter>
    </ClCompile>
    <ClCompile Include="MGLExceptions.cpp">
      <Filter>Source Files\Utilities</Filter>
    </ClCompile>
    <ClCompile Include="MGLMeshGenerator.cpp">
      <Filter>Source Files\Main</Filter>
    </ClCompile>
    <ClCompile Include="MGLFileLoaderMGL.cpp">
      <Filter>Source Files\Files</Filter>
    </ClCompile>
    <ClCompile Include="MGLFileLoaderString.cpp">
      <Filter>Source Files\Files</Filter>
    </ClCompile>
    <ClCompile Include="MGLMaterial.cpp">
      <Filter>Header Files\Main</Filter>
    </ClCompile>
  </ItemGroup>
</Project>